
Microsoft Visual Studio Solution File, Format Version 12.00
# Visual Studio Version 16
VisualStudioVersion = 16.0.28809.33
MinimumVisualStudioVersion = 10.0.40219.1
Project("{9A19103F-16F7-4668-BE54-9A1E7A4F7556}") = "Ripple.Net", "Ripple.Net\Ripple.Net.csproj", "{C610717D-6D1A-47C6-8C3B-DCB61D7556A6}"
EndProject
Project("{9A19103F-16F7-4668-BE54-9A1E7A4F7556}") = "Ripple.Net.Tests", "Ripple.Net.Tests\Ripple.Net.Tests.csproj", "{4C4DE7BA-6A68-4381-AE0B-AFC51964173B}"
EndProject
Global
	GlobalSection(SolutionConfigurationPlatforms) = preSolution
		Debug|Any CPU = Debug|Any CPU
		Release|Any CPU = Release|Any CPU
	EndGlobalSection
	GlobalSection(ProjectConfigurationPlatforms) = postSolution
		{C610717D-6D1A-47C6-8C3B-DCB61D7556A6}.Debug|Any CPU.ActiveCfg = Debug|Any CPU
		{C610717D-6D1A-47C6-8C3B-DCB61D7556A6}.Debug|Any CPU.Build.0 = Debug|Any CPU
		{C610717D-6D1A-47C6-8C3B-DCB61D7556A6}.Release|Any CPU.ActiveCfg = Release|Any CPU
		{C610717D-6D1A-47C6-8C3B-DCB61D7556A6}.Release|Any CPU.Build.0 = Release|Any CPU
		{4C4DE7BA-6A68-4381-AE0B-AFC51964173B}.Debug|Any CPU.ActiveCfg = Debug|Any CPU
		{4C4DE7BA-6A68-4381-AE0B-AFC51964173B}.Debug|Any CPU.Build.0 = Debug|Any CPU
		{4C4DE7BA-6A68-4381-AE0B-AFC51964173B}.Release|Any CPU.ActiveCfg = Release|Any CPU
		{4C4DE7BA-6A68-4381-AE0B-AFC51964173B}.Release|Any CPU.Build.0 = Release|Any CPU
	EndGlobalSection
	GlobalSection(SolutionProperties) = preSolution
		HideSolutionNode = FALSE
	EndGlobalSection
	GlobalSection(ExtensibilityGlobals) = postSolution
		SolutionGuid = {43EB9AE6-61C1-4029-84FA-BDCCE4B78EA4}
	EndGlobalSection
EndGlobal
